// !$*UTF8*$!
{
	archiveVersion = 1;
	classes = {
	};
	objectVersion = 46;
	objects = {

/* Begin PBXBuildFile section */
		490F47DB1E6393B10087B64A /* AppDelegate.swift in Sources */ = {isa = PBXBuildFile; fileRef = 490F47DA1E6393B10087B64A /* AppDelegate.swift */; };
		490F47DD1E6393B10087B64A /* ViewController.swift in Sources */ = {isa = PBXBuildFile; fileRef = 490F47DC1E6393B10087B64A /* ViewController.swift */; };
		490F47E01E6393B10087B64A /* Main.storyboard in Resources */ = {isa = PBXBuildFile; fileRef = 490F47DE1E6393B10087B64A /* Main.storyboard */; };
		490F47E31E6393B10087B64A /* Will_I_Burn.xcdatamodeld in Sources */ = {isa = PBXBuildFile; fileRef = 490F47E11E6393B10087B64A /* Will_I_Burn.xcdatamodeld */; };
		490F47E51E6393B10087B64A /* Assets.xcassets in Resources */ = {isa = PBXBuildFile; fileRef = 490F47E41E6393B10087B64A /* Assets.xcassets */; };
		490F47E81E6393B10087B64A /* LaunchScreen.storyboard in Resources */ = {isa = PBXBuildFile; fileRef = 490F47E61E6393B10087B64A /* LaunchScreen.storyboard */; };
/* End PBXBuildFile section */

/* Begin PBXFileReference section */
		490F47D71E6393B10087B64A /* Will I Burn.app */ = {isa = PBXFileReference; explicitFileType = wrapper.application; includeInIndex = 0; path = "Will I Burn.app"; sourceTree = BUILT_PRODUCTS_DIR; };
		490F47DA1E6393B10087B64A /* AppDelegate.swift */ = {isa = PBXFileReference; lastKnownFileType = sourcecode.swift; path = AppDelegate.swift; sourceTree = "<group>"; };
		490F47DC1E6393B10087B64A /* ViewController.swift */ = {isa = PBXFileReference; lastKnownFileType = sourcecode.swift; path = ViewController.swift; sourceTree = "<group>"; };
		490F47DF1E6393B10087B64A /* Base */ = {isa = PBXFileReference; lastKnownFileType = file.storyboard; name = Base; path = Base.lproj/Main.storyboard; sourceTree = "<group>"; };
		490F47E21E6393B10087B64A /* Will_I_Burn.xcdatamodel */ = {isa = PBXFileReference; lastKnownFileType = wrapper.xcdatamodel; path = Will_I_Burn.xcdatamodel; sourceTree = "<group>"; };
		490F47E41E6393B10087B64A /* Assets.xcassets */ = {isa = PBXFileReference; lastKnownFileType = folder.assetcatalog; path = Assets.xcassets; sourceTree = "<group>"; };
		490F47E71E6393B10087B64A /* Base */ = {isa = PBXFileReference; lastKnownFileType = file.storyboard; name = Base; path = Base.lproj/LaunchScreen.storyboard; sourceTree = "<group>"; };
		490F47E91E6393B10087B64A /* Info.plist */ = {isa = PBXFileReference; lastKnownFileType = text.plist.xml; path = Info.plist; sourceTree = "<group>"; };
/* End PBXFileReference section */

/* Begin PBXFrameworksBuildPhase section */
		490F47D41E6393B10087B64A /* Frameworks */ = {
			isa = PBXFrameworksBuildPhase;
			buildActionMask = 2147483647;
			files = (
			);
			runOnlyForDeploymentPostprocessing = 0;
		};
/* End PBXFrameworksBuildPhase section */

/* Begin PBXGroup section */
		490F47CE1E6393B10087B64A = {
			isa = PBXGroup;
			children = (
				490F47D91E6393B10087B64A /* Will I Burn */,
				490F47D81E6393B10087B64A /* Products */,
			);
			sourceTree = "<group>";
		};
		490F47D81E6393B10087B64A /* Products */ = {
			isa = PBXGroup;
			children = (
				490F47D71E6393B10087B64A /* Will I Burn.app */,
			);
			name = Products;
			sourceTree = "<group>";
		};
		490F47D91E6393B10087B64A /* Will I Burn */ = {
			isa = PBXGroup;
			children = (
				490F47DA1E6393B10087B64A /* AppDelegate.swift */,
				490F47DC1E6393B10087B64A /* ViewController.swift */,
				490F47DE1E6393B10087B64A /* Main.storyboard */,
				490F47E41E6393B10087B64A /* Assets.xcassets */,
				490F47E61E6393B10087B64A /* LaunchScreen.storyboard */,
				490F47E91E6393B10087B64A /* Info.plist */,
				490F47E11E6393B10087B64A /* Will_I_Burn.xcdatamodeld */,
			);
			path = "Will I Burn";
			sourceTree = "<group>";
		};
/* End PBXGroup section */

/* Begin PBXNativeTarget section */
		490F47D61E6393B10087B64A /* Will I Burn */ = {
			isa = PBXNativeTarget;
			buildConfigurationList = 490F47EC1E6393B10087B64A /* Build configuration list for PBXNativeTarget "Will I Burn" */;
			buildPhases = (
				490F47D31E6393B10087B64A /* Sources */,
				490F47D41E6393B10087B64A /* Frameworks */,
				490F47D51E6393B10087B64A /* Resources */,
			);
			buildRules = (
			);
			dependencies = (
			);
			name = "Will I Burn";
			productName = "Will I Burn";
			productReference = 490F47D71E6393B10087B64A /* Will I Burn.app */;
			productType = "com.apple.product-type.application";
		};
/* End PBXNativeTarget section */

/* Begin PBXProject section */
		490F47CF1E6393B10087B64A /* Project object */ = {
			isa = PBXProject;
			attributes = {
				LastSwiftUpdateCheck = 0820;
				LastUpgradeCheck = 0820;
				ORGANIZATIONNAME = com.ParanoidPenguinProductions;
				TargetAttributes = {
					490F47D61E6393B10087B64A = {
						CreatedOnToolsVersion = 8.2.1;
						DevelopmentTeam = FV58CK5TAD;
						ProvisioningStyle = Automatic;
					};
				};
			};
			buildConfigurationList = 490F47D21E6393B10087B64A /* Build configuration list for PBXProject "Will I Burn" */;
			compatibilityVersion = "Xcode 3.2";
			developmentRegion = English;
			hasScannedForEncodings = 0;
			knownRegions = (
				en,
				Base,
			);
			mainGroup = 490F47CE1E6393B10087B64A;
			productRefGroup = 490F47D81E6393B10087B64A /* Products */;
			projectDirPath = "";
			projectRoot = "";
			targets = (
				490F47D61E6393B10087B64A /* Will I Burn */,
			);
		};
/* End PBXProject section */

/* Begin PBXResourcesBuildPhase section */
		490F47D51E6393B10087B64A /* Resources */ = {
			isa = PBXResourcesBuildPhase;
			buildActionMask = 2147483647;
			files = (
				490F47E81E6393B10087B64A /* LaunchScreen.storyboard in Resources */,
				490F47E51E6393B10087B64A /* Assets.xcassets in Resources */,
				490F47E01E6393B10087B64A /* Main.storyboard in Resources */,
			);
			runOnlyForDeploymentPostprocessing = 0;
		};
/* End PBXResourcesBuildPhase section */

/* Begin PBXSourcesBuildPhase section */
		490F47D31E6393B10087B64A /* Sources */ = {
			isa = PBXSourcesBuildPhase;
			buildActionMask = 2147483647;
			files = (
				490F47E31E6393B10087B64A /* Will_I_Burn.xcdatamodeld in Sources */,
				490F47DD1E6393B10087B64A /* ViewController.swift in Sources */,
				490F47DB1E6393B10087B64A /* AppDelegate.swift in Sources */,
			);
			runOnlyForDeploymentPostprocessing = 0;
		};
/* End PBXSourcesBuildPhase section */

/* Begin PBXVariantGroup section */
		490F47DE1E6393B10087B64A /* Main.storyboard */ = {
			isa = PBXVariantGroup;
			children = (
				490F47DF1E6393B10087B64A /* Base */,
			);
			name = Main.storyboard;
			sourceTree = "<group>";
		};
		490F47E61E6393B10087B64A /* LaunchScreen.storyboard */ = {
			isa = PBXVariantGroup;
			children = (
				490F47E71E6393B10087B64A /* Base */,
			);
			name = LaunchScreen.storyboard;
			sourceTree = "<group>";
		};
/* End PBXVariantGroup section */

/* Begin XCBuildConfiguration section */
		490F47EA1E6393B10087B64A /* Debug */ = {
			isa = XCBuildConfiguration;
			buildSettings = {
				ALWAYS_SEARCH_USER_PATHS = NO;
				CLANG_ANALYZER_NONNULL = YES;
				CLANG_CXX_LANGUAGE_STANDARD = "gnu++0x";
				CLANG_CXX_LIBRARY = "libc++";
				CLANG_ENABLE_MODULES = YES;
				CLANG_ENABLE_OBJC_ARC = YES;
				CLANG_WARN_BOOL_CONVERSION = YES;
				CLANG_WARN_CONSTANT_CONVERSION = YES;
				CLANG_WARN_DIRECT_OBJC_ISA_USAGE = YES_ERROR;
				CLANG_WARN_DOCUMENTATION_COMMENTS = YES;
				CLANG_WARN_EMPTY_BODY = YES;
				CLANG_WARN_ENUM_CONVERSION = YES;
				CLANG_WARN_INFINITE_RECURSION = YES;
				CLANG_WARN_INT_CONVERSION = YES;
				CLANG_WARN_OBJC_ROOT_CLASS = YES_ERROR;
				CLANG_WARN_SUSPICIOUS_MOVE = YES;
				CLANG_WARN_UNREACHABLE_CODE = YES;
				CLANG_WARN__DUPLICATE_METHOD_MATCH = YES;
				"CODE_SIGN_IDENTITY[sdk=iphoneos*]" = "iPhone Developer";
				COPY_PHASE_STRIP = NO;
				DEBUG_INFORMATION_FORMAT = dwarf;
				ENABLE_STRICT_OBJC_MSGSEND = YES;
				ENABLE_TESTABILITY = YES;
				GCC_C_LANGUAGE_STANDARD = gnu99;
				GCC_DYNAMIC_NO_PIC = NO;
				GCC_NO_COMMON_BLOCKS = YES;
				GCC_OPTIMIZATION_LEVEL = 0;
				GCC_PREPROCESSOR_DEFINITIONS = (
					"DEBUG=1",
					"$(inherited)",
				);
				GCC_WARN_64_TO_32_BIT_CONVERSION = YES;
				GCC_WARN_ABOUT_RETURN_TYPE = YES_ERROR;
				GCC_WARN_UNDECLARED_SELECTOR = YES;
				GCC_WARN_UNINITIALIZED_AUTOS = YES_AGGRESSIVE;
				GCC_WARN_UNUSED_FUNCTION = YES;
				GCC_WARN_UNUSED_VARIABLE = YES;
				IPHONEOS_DEPLOYMENT_TARGET = 10.2;
				MTL_ENABLE_DEBUG_INFO = YES;
				ONLY_ACTIVE_ARCH = YES;
				SDKROOT = iphoneos;
				SWIFT_ACTIVE_COMPILATION_CONDITIONS = DEBUG;
				SWIFT_OPTIMIZATION_LEVEL = "-Onone";
				TARGETED_DEVICE_FAMILY = "1,2";
			};
			name = Debug;
		};
		490F47EB1E6393B10087B64A /* Release */ = {
			isa = XCBuildConfiguration;
			buildSettings = {
				ALWAYS_SEARCH_USER_PATHS = NO;
				CLANG_ANALYZER_NONNULL = YES;
				CLANG_CXX_LANGUAGE_STANDARD = "gnu++0x";
				CLANG_CXX_LIBRARY = "libc++";
				CLANG_ENABLE_MODULES = YES;
				CLANG_ENABLE_OBJC_ARC = YES;
				CLANG_WARN_BOOL_CONVERSION = YES;
				CLANG_WARN_CONSTANT_CONVERSION = YES;
				CLANG_WARN_DIRECT_OBJC_ISA_USAGE = YES_ERROR;
				CLANG_WARN_DOCUMENTATION_COMMENTS = YES;
				CLANG_WARN_EMPTY_BODY = YES;
				CLANG_WARN_ENUM_CONVERSION = YES;
				CLANG_WARN_INFINITE_RECURSION = YES;
				CLANG_WARN_INT_CONVERSION = YES;
				CLANG_WARN_OBJC_ROOT_CLASS = YES_ERROR;
				CLANG_WARN_SUSPICIOUS_MOVE = YES;
				CLANG_WARN_UNREACHABLE_CODE = YES;
				CLANG_WARN__DUPLICATE_METHOD_MATCH = YES;
				"CODE_SIGN_IDENTITY[sdk=iphoneos*]" = "iPhone Developer";
				COPY_PHASE_STRIP = NO;
				DEBUG_INFORMATION_FORMAT = "dwarf-with-dsym";
				ENABLE_NS_ASSERTIONS = NO;
				ENABLE_STRICT_OBJC_MSGSEND = YES;
				GCC_C_LANGUAGE_STANDARD = gnu99;
				GCC_NO_COMMON_BLOCKS = YES;
				GCC_WARN_64_TO_32_BIT_CONVERSION = YES;
				GCC_WARN_ABOUT_RETURN_TYPE = YES_ERROR;
				GCC_WARN_UNDECLARED_SELECTOR = YES;
				GCC_WARN_UNINITIALIZED_AUTOS = YES_AGGRESSIVE;
				GCC_WARN_UNUSED_FUNCTION = YES;
				GCC_WARN_UNUSED_VARIABLE = YES;
				IPHONEOS_DEPLOYMENT_TARGET = 10.2;
				MTL_ENABLE_DEBUG_INFO = NO;
				SDKROOT = iphoneos;
				SWIFT_OPTIMIZATION_LEVEL = "-Owholemodule";
				TARGETED_DEVICE_FAMILY = "1,2";
				VALIDATE_PRODUCT = YES;
			};
			name = Release;
		};
		490F47ED1E6393B10087B64A /* Debug */ = {
			isa = XCBuildConfiguration;
			buildSettings = {
				ASSETCATALOG_COMPILER_APPICON_NAME = AppIcon;
				DEVELOPMENT_TEAM = FV58CK5TAD;
				INFOPLIST_FILE = "Will I Burn/Info.plist";
				LD_RUNPATH_SEARCH_PATHS = "$(inherited) @executable_path/Frameworks";
				PRODUCT_BUNDLE_IDENTIFIER = "ParanoidPenguinProductions.Will-I-Burn";
				PRODUCT_NAME = "$(TARGET_NAME)";
				SWIFT_VERSION = 3.0;
			};
			name = Debug;
		};
		490F47EE1E6393B10087B64A /* Release */ = {
			isa = XCBuildConfiguration;
			buildSettings = {
				ASSETCATALOG_COMPILER_APPICON_NAME = AppIcon;
				DEVELOPMENT_TEAM = FV58CK5TAD;
				INFOPLIST_FILE = "Will I Burn/Info.plist";
				LD_RUNPATH_SEARCH_PATHS = "$(inherited) @executable_path/Frameworks";
				PRODUCT_BUNDLE_IDENTIFIER = "ParanoidPenguinProductions.Will-I-Burn";
				PRODUCT_NAME = "$(TARGET_NAME)";
				SWIFT_VERSION = 3.0;
			};
			name = Release;
		};
/* End XCBuildConfiguration section */

/* Begin XCConfigurationList section */
		490F47D21E6393B10087B64A /* Build configuration list for PBXProject "Will I Burn" */ = {
			isa = XCConfigurationList;
			buildConfigurations = (
				490F47EA1E6393B10087B64A /* Debug */,
				490F47EB1E6393B10087B64A /* Release */,
			);
			defaultConfigurationIsVisible = 0;
			defaultConfigurationName = Release;
		};
		490F47EC1E6393B10087B64A /* Build configuration list for PBXNativeTarget "Will I Burn" */ = {
			isa = XCConfigurationList;
			buildConfigurations = (
				490F47ED1E6393B10087B64A /* Debug */,
				490F47EE1E6393B10087B64A /* Release */,
			);
			defaultConfigurationIsVisible = 0;
		};
/* End XCConfigurationList section */

/* Begin XCVersionGroup section */
		490F47E11E6393B10087B64A /* Will_I_Burn.xcdatamodeld */ = {
			isa = XCVersionGroup;
			children = (
				490F47E21E6393B10087B64A /* Will_I_Burn.xcdatamodel */,
			);
			currentVersion = 490F47E21E6393B10087B64A /* Will_I_Burn.xcdatamodel */;
			path = Will_I_Burn.xcdatamodeld;
			sourceTree = "<group>";
			versionGroupType = wrapper.xcdatamodel;
		};
/* End XCVersionGroup section */
	};
	rootObject = 490F47CF1E6393B10087B64A /* Project object */;
}
